
Microsoft Visual Studio Solution File, Format Version 12.00
# Visual Studio Version 16
VisualStudioVersion = 16.0.30621.155
MinimumVisualStudioVersion = 10.0.40219.1
Project("{8BC9CEB8-8B4A-11D0-8D11-00A0C91BC942}") = "algHW", "algHW\algHW.vcxproj", "{F5C6C132-543E-4201-B373-DFFA9AD49993}"
EndProject
Project("{8BC9CEB8-8B4A-11D0-8D11-00A0C91BC942}") = "hw4", "hw4\hw4.vcxproj", "{9348415F-03DC-42FE-A89B-897B8E535E24}"
EndProject
Project("{8BC9CEB8-8B4A-11D0-8D11-00A0C91BC942}") = "hw18", "hw18\hw18.vcxproj", "{6A867AD8-B6EC-4E41-95D9-647C0A6284C3}"
EndProject
Project("{8BC9CEB8-8B4A-11D0-8D11-00A0C91BC942}") = "hw6", "hw6\hw6.vcxproj", "{3A94C9F0-8A16-422A-8776-F8E4269CB80F}"
EndProject
Project("{8BC9CEB8-8B4A-11D0-8D11-00A0C91BC942}") = "hw7", "hw7\hw7.vcxproj", "{F8E8713C-E6E7-4025-A2AC-BCA6643BED05}"
EndProject
Project("{8BC9CEB8-8B4A-11D0-8D11-00A0C91BC942}") = "hw8", "hw8\hw8.vcxproj", "{2B3ACF6C-DFC8-495E-9A41-E618AD8DF5EB}"
EndProject
Project("{8BC9CEB8-8B4A-11D0-8D11-00A0C91BC942}") = "hw14", "hw14\hw14.vcxproj", "{1C588BDC-69B0-4ED7-90BF-D73AA6B552FF}"
EndProject
Project("{8BC9CEB8-8B4A-11D0-8D11-00A0C91BC942}") = "hw11", "hw11\hw11.vcxproj", "{A6737988-22FD-4AEB-ADFB-777EBE96571A}"
EndProject
Project("{8BC9CEB8-8B4A-11D0-8D11-00A0C91BC942}") = "hw9", "hw9\hw9.vcxproj", "{58FB53CB-BDC6-4A7B-BA26-DA367756535F}"
EndProject
Project("{8BC9CEB8-8B4A-11D0-8D11-00A0C91BC942}") = "hw12", "hw12\hw12.vcxproj", "{606B7C4B-E40B-4D7B-864E-45865F905FBB}"
EndProject
Project("{8BC9CEB8-8B4A-11D0-8D11-00A0C91BC942}") = "hw13", "hw13\hw13.vcxproj", "{FBA1544D-FCE4-4A68-9FB8-9E7B026789C6}"
EndProject
Project("{8BC9CEB8-8B4A-11D0-8D11-00A0C91BC942}") = "hw15", "hw15\hw15.vcxproj", "{14A73C85-263D-4A67-B4C5-3249DF0A7186}"
EndProject
Project("{8BC9CEB8-8B4A-11D0-8D11-00A0C91BC942}") = "hw16", "hw16\hw16.vcxproj", "{BDD24D3F-92AB-421E-AA7C-59D05C21F486}"
EndProject
Project("{8BC9CEB8-8B4A-11D0-8D11-00A0C91BC942}") = "hw17", "hw17\hw17.vcxproj", "{02A9D9B1-9F5E-4C8D-80D5-8603ED70FB18}"
EndProject
Project("{8BC9CEB8-8B4A-11D0-8D11-00A0C91BC942}") = "hw20", "hw20\hw20.vcxproj", "{2A497157-327C-4589-B58B-EC5011DF0C9A}"
EndProject
Project("{8BC9CEB8-8B4A-11D0-8D11-00A0C91BC942}") = "hw19", "hw19\hw19.vcxproj", "{22595A24-F28E-4D32-B53A-DF2FA7D4A626}"
EndProject
Project("{8BC9CEB8-8B4A-11D0-8D11-00A0C91BC942}") = "hw24", "hw24\hw24.vcxproj", "{764F1E1E-7B19-418B-87AD-8E4A8EDA7726}"
EndProject
Global
	GlobalSection(SolutionConfigurationPlatforms) = preSolution
		Debug|x64 = Debug|x64
		Debug|x86 = Debug|x86
		Release|x64 = Release|x64
		Release|x86 = Release|x86
	EndGlobalSection
	GlobalSection(ProjectConfigurationPlatforms) = postSolution
		{F5C6C132-543E-4201-B373-DFFA9AD49993}.Debug|x64.ActiveCfg = Debug|x64
		{F5C6C132-543E-4201-B373-DFFA9AD49993}.Debug|x64.Build.0 = Debug|x64
		{F5C6C132-543E-4201-B373-DFFA9AD49993}.Debug|x86.ActiveCfg = Debug|Win32
		{F5C6C132-543E-4201-B373-DFFA9AD49993}.Debug|x86.Build.0 = Debug|Win32
		{F5C6C132-543E-4201-B373-DFFA9AD49993}.Release|x64.ActiveCfg = Release|x64
		{F5C6C132-543E-4201-B373-DFFA9AD49993}.Release|x64.Build.0 = Release|x64
		{F5C6C132-543E-4201-B373-DFFA9AD49993}.Release|x86.ActiveCfg = Release|Win32
		{F5C6C132-543E-4201-B373-DFFA9AD49993}.Release|x86.Build.0 = Release|Win32
		{9348415F-03DC-42FE-A89B-897B8E535E24}.Debug|x64.ActiveCfg = Debug|x64
		{9348415F-03DC-42FE-A89B-897B8E535E24}.Debug|x64.Build.0 = Debug|x64
		{9348415F-03DC-42FE-A89B-897B8E535E24}.Debug|x86.ActiveCfg = Debug|Win32
		{9348415F-03DC-42FE-A89B-897B8E535E24}.Debug|x86.Build.0 = Debug|Win32
		{9348415F-03DC-42FE-A89B-897B8E535E24}.Release|x64.ActiveCfg = Release|x64
		{9348415F-03DC-42FE-A89B-897B8E535E24}.Release|x64.Build.0 = Release|x64
		{9348415F-03DC-42FE-A89B-897B8E535E24}.Release|x86.ActiveCfg = Release|Win32
		{9348415F-03DC-42FE-A89B-897B8E535E24}.Release|x86.Build.0 = Release|Win32
		{6A867AD8-B6EC-4E41-95D9-647C0A6284C3}.Debug|x64.ActiveCfg = Debug|x64
		{6A867AD8-B6EC-4E41-95D9-647C0A6284C3}.Debug|x64.Build.0 = Debug|x64
		{6A867AD8-B6EC-4E41-95D9-647C0A6284C3}.Debug|x86.ActiveCfg = Debug|Win32
		{6A867AD8-B6EC-4E41-95D9-647C0A6284C3}.Debug|x86.Build.0 = Debug|Win32
		{6A867AD8-B6EC-4E41-95D9-647C0A6284C3}.Release|x64.ActiveCfg = Release|x64
		{6A867AD8-B6EC-4E41-95D9-647C0A6284C3}.Release|x64.Build.0 = Release|x64
		{6A867AD8-B6EC-4E41-95D9-647C0A6284C3}.Release|x86.ActiveCfg = Release|Win32
		{6A867AD8-B6EC-4E41-95D9-647C0A6284C3}.Release|x86.Build.0 = Release|Win32
		{3A94C9F0-8A16-422A-8776-F8E4269CB80F}.Debug|x64.ActiveCfg = Debug|x64
		{3A94C9F0-8A16-422A-8776-F8E4269CB80F}.Debug|x64.Build.0 = Debug|x64
		{3A94C9F0-8A16-422A-8776-F8E4269CB80F}.Debug|x86.ActiveCfg = Debug|Win32
		{3A94C9F0-8A16-422A-8776-F8E4269CB80F}.Debug|x86.Build.0 = Debug|Win32
		{3A94C9F0-8A16-422A-8776-F8E4269CB80F}.Release|x64.ActiveCfg = Release|x64
		{3A94C9F0-8A16-422A-8776-F8E4269CB80F}.Release|x64.Build.0 = Release|x64
		{3A94C9F0-8A16-422A-8776-F8E4269CB80F}.Release|x86.ActiveCfg = Release|Win32
		{3A94C9F0-8A16-422A-8776-F8E4269CB80F}.Release|x86.Build.0 = Release|Win32
		{F8E8713C-E6E7-4025-A2AC-BCA6643BED05}.Debug|x64.ActiveCfg = Debug|x64
		{F8E8713C-E6E7-4025-A2AC-BCA6643BED05}.Debug|x64.Build.0 = Debug|x64
		{F8E8713C-E6E7-4025-A2AC-BCA6643BED05}.Debug|x86.ActiveCfg = Debug|Win32
		{F8E8713C-E6E7-4025-A2AC-BCA6643BED05}.Debug|x86.Build.0 = Debug|Win32
		{F8E8713C-E6E7-4025-A2AC-BCA6643BED05}.Release|x64.ActiveCfg = Release|x64
		{F8E8713C-E6E7-4025-A2AC-BCA6643BED05}.Release|x64.Build.0 = Release|x64
		{F8E8713C-E6E7-4025-A2AC-BCA6643BED05}.Release|x86.ActiveCfg = Release|Win32
		{F8E8713C-E6E7-4025-A2AC-BCA6643BED05}.Release|x86.Build.0 = Release|Win32
		{2B3ACF6C-DFC8-495E-9A41-E618AD8DF5EB}.Debug|x64.ActiveCfg = Debug|x64
		{2B3ACF6C-DFC8-495E-9A41-E618AD8DF5EB}.Debug|x64.Build.0 = Debug|x64
		{2B3ACF6C-DFC8-495E-9A41-E618AD8DF5EB}.Debug|x86.ActiveCfg = Debug|Win32
		{2B3ACF6C-DFC8-495E-9A41-E618AD8DF5EB}.Debug|x86.Build.0 = Debug|Win32
		{2B3ACF6C-DFC8-495E-9A41-E618AD8DF5EB}.Release|x64.ActiveCfg = Release|x64
		{2B3ACF6C-DFC8-495E-9A41-E618AD8DF5EB}.Release|x64.Build.0 = Release|x64
		{2B3ACF6C-DFC8-495E-9A41-E618AD8DF5EB}.Release|x86.ActiveCfg = Release|Win32
		{2B3ACF6C-DFC8-495E-9A41-E618AD8DF5EB}.Release|x86.Build.0 = Release|Win32
		{1C588BDC-69B0-4ED7-90BF-D73AA6B552FF}.Debug|x64.ActiveCfg = Debug|x64
		{1C588BDC-69B0-4ED7-90BF-D73AA6B552FF}.Debug|x64.Build.0 = Debug|x64
		{1C588BDC-69B0-4ED7-90BF-D73AA6B552FF}.Debug|x86.ActiveCfg = Debug|Win32
		{1C588BDC-69B0-4ED7-90BF-D73AA6B552FF}.Debug|x86.Build.0 = Debug|Win32
		{1C588BDC-69B0-4ED7-90BF-D73AA6B552FF}.Release|x64.ActiveCfg = Release|x64
		{1C588BDC-69B0-4ED7-90BF-D73AA6B552FF}.Release|x64.Build.0 = Release|x64
		{1C588BDC-69B0-4ED7-90BF-D73AA6B552FF}.Release|x86.ActiveCfg = Release|Win32
		{1C588BDC-69B0-4ED7-90BF-D73AA6B552FF}.Release|x86.Build.0 = Release|Win32
		{A6737988-22FD-4AEB-ADFB-777EBE96571A}.Debug|x64.ActiveCfg = Debug|x64
		{A6737988-22FD-4AEB-ADFB-777EBE96571A}.Debug|x64.Build.0 = Debug|x64
		{A6737988-22FD-4AEB-ADFB-777EBE96571A}.Debug|x86.ActiveCfg = Debug|Win32
		{A6737988-22FD-4AEB-ADFB-777EBE96571A}.Debug|x86.Build.0 = Debug|Win32
		{A6737988-22FD-4AEB-ADFB-777EBE96571A}.Release|x64.ActiveCfg = Release|x64
		{A6737988-22FD-4AEB-ADFB-777EBE96571A}.Release|x64.Build.0 = Release|x64
		{A6737988-22FD-4AEB-ADFB-777EBE96571A}.Release|x86.ActiveCfg = Release|Win32
		{A6737988-22FD-4AEB-ADFB-777EBE96571A}.Release|x86.Build.0 = Release|Win32
		{58FB53CB-BDC6-4A7B-BA26-DA367756535F}.Debug|x64.ActiveCfg = Debug|x64
		{58FB53CB-BDC6-4A7B-BA26-DA367756535F}.Debug|x64.Build.0 = Debug|x64
		{58FB53CB-BDC6-4A7B-BA26-DA367756535F}.Debug|x86.ActiveCfg = Debug|Win32
		{58FB53CB-BDC6-4A7B-BA26-DA367756535F}.Debug|x86.Build.0 = Debug|Win32
		{58FB53CB-BDC6-4A7B-BA26-DA367756535F}.Release|x64.ActiveCfg = Release|x64
		{58FB53CB-BDC6-4A7B-BA26-DA367756535F}.Release|x64.Build.0 = Release|x64
		{58FB53CB-BDC6-4A7B-BA26-DA367756535F}.Release|x86.ActiveCfg = Release|Win32
		{58FB53CB-BDC6-4A7B-BA26-DA367756535F}.Release|x86.Build.0 = Release|Win32
		{606B7C4B-E40B-4D7B-864E-45865F905FBB}.Debug|x64.ActiveCfg = Debug|x64
		{606B7C4B-E40B-4D7B-864E-45865F905FBB}.Debug|x64.Build.0 = Debug|x64
		{606B7C4B-E40B-4D7B-864E-45865F905FBB}.Debug|x86.ActiveCfg = Debug|Win32
		{606B7C4B-E40B-4D7B-864E-45865F905FBB}.Debug|x86.Build.0 = Debug|Win32
		{606B7C4B-E40B-4D7B-864E-45865F905FBB}.Release|x64.ActiveCfg = Release|x64
		{606B7C4B-E40B-4D7B-864E-45865F905FBB}.Release|x64.Build.0 = Release|x64
		{606B7C4B-E40B-4D7B-864E-45865F905FBB}.Release|x86.ActiveCfg = Release|Win32
		{606B7C4B-E40B-4D7B-864E-45865F905FBB}.Release|x86.Build.0 = Release|Win32
		{FBA1544D-FCE4-4A68-9FB8-9E7B026789C6}.Debug|x64.ActiveCfg = Debug|x64
		{FBA1544D-FCE4-4A68-9FB8-9E7B026789C6}.Debug|x64.Build.0 = Debug|x64
		{FBA1544D-FCE4-4A68-9FB8-9E7B026789C6}.Debug|x86.ActiveCfg = Debug|Win32
		{FBA1544D-FCE4-4A68-9FB8-9E7B026789C6}.Debug|x86.Build.0 = Debug|Win32
		{FBA1544D-FCE4-4A68-9FB8-9E7B026789C6}.Release|x64.ActiveCfg = Release|x64
		{FBA1544D-FCE4-4A68-9FB8-9E7B026789C6}.Release|x64.Build.0 = Release|x64
		{FBA1544D-FCE4-4A68-9FB8-9E7B026789C6}.Release|x86.ActiveCfg = Release|Win32
		{FBA1544D-FCE4-4A68-9FB8-9E7B026789C6}.Release|x86.Build.0 = Release|Win32
		{14A73C85-263D-4A67-B4C5-3249DF0A7186}.Debug|x64.ActiveCfg = Debug|x64
		{14A73C85-263D-4A67-B4C5-3249DF0A7186}.Debug|x64.Build.0 = Debug|x64
		{14A73C85-263D-4A67-B4C5-3249DF0A7186}.Debug|x86.ActiveCfg = Debug|Win32
		{14A73C85-263D-4A67-B4C5-3249DF0A7186}.Debug|x86.Build.0 = Debug|Win32
		{14A73C85-263D-4A67-B4C5-3249DF0A7186}.Release|x64.ActiveCfg = Release|x64
		{14A73C85-263D-4A67-B4C5-3249DF0A7186}.Release|x64.Build.0 = Release|x64
		{14A73C85-263D-4A67-B4C5-3249DF0A7186}.Release|x86.ActiveCfg = Release|Win32
		{14A73C85-263D-4A67-B4C5-3249DF0A7186}.Release|x86.Build.0 = Release|Win32
		{BDD24D3F-92AB-421E-AA7C-59D05C21F486}.Debug|x64.ActiveCfg = Debug|x64
		{BDD24D3F-92AB-421E-AA7C-59D05C21F486}.Debug|x64.Build.0 = Debug|x64
		{BDD24D3F-92AB-421E-AA7C-59D05C21F486}.Debug|x86.ActiveCfg = Debug|Win32
		{BDD24D3F-92AB-421E-AA7C-59D05C21F486}.Debug|x86.Build.0 = Debug|Win32
		{BDD24D3F-92AB-421E-AA7C-59D05C21F486}.Release|x64.ActiveCfg = Release|x64
		{BDD24D3F-92AB-421E-AA7C-59D05C21F486}.Release|x64.Build.0 = Release|x64
		{BDD24D3F-92AB-421E-AA7C-59D05C21F486}.Release|x86.ActiveCfg = Release|Win32
		{BDD24D3F-92AB-421E-AA7C-59D05C21F486}.Release|x86.Build.0 = Release|Win32
		{02A9D9B1-9F5E-4C8D-80D5-8603ED70FB18}.Debug|x64.ActiveCfg = Debug|x64
		{02A9D9B1-9F5E-4C8D-80D5-8603ED70FB18}.Debug|x64.Build.0 = Debug|x64
		{02A9D9B1-9F5E-4C8D-80D5-8603ED70FB18}.Debug|x86.ActiveCfg = Debug|Win32
		{02A9D9B1-9F5E-4C8D-80D5-8603ED70FB18}.Debug|x86.Build.0 = Debug|Win32
		{02A9D9B1-9F5E-4C8D-80D5-8603ED70FB18}.Release|x64.ActiveCfg = Release|x64
		{02A9D9B1-9F5E-4C8D-80D5-8603ED70FB18}.Release|x64.Build.0 = Release|x64
		{02A9D9B1-9F5E-4C8D-80D5-8603ED70FB18}.Release|x86.ActiveCfg = Release|Win32
		{02A9D9B1-9F5E-4C8D-80D5-8603ED70FB18}.Release|x86.Build.0 = Release|Win32
		{2A497157-327C-4589-B58B-EC5011DF0C9A}.Debug|x64.ActiveCfg = Debug|x64
		{2A497157-327C-4589-B58B-EC5011DF0C9A}.Debug|x64.Build.0 = Debug|x64
		{2A497157-327C-4589-B58B-EC5011DF0C9A}.Debug|x86.ActiveCfg = Debug|Win32
		{2A497157-327C-4589-B58B-EC5011DF0C9A}.Debug|x86.Build.0 = Debug|Win32
		{2A497157-327C-4589-B58B-EC5011DF0C9A}.Release|x64.ActiveCfg = Release|x64
		{2A497157-327C-4589-B58B-EC5011DF0C9A}.Release|x64.Build.0 = Release|x64
		{2A497157-327C-4589-B58B-EC5011DF0C9A}.Release|x86.ActiveCfg = Release|Win32
		{2A497157-327C-4589-B58B-EC5011DF0C9A}.Release|x86.Build.0 = Release|Win32
		{22595A24-F28E-4D32-B53A-DF2FA7D4A626}.Debug|x64.ActiveCfg = Debug|x64
		{22595A24-F28E-4D32-B53A-DF2FA7D4A626}.Debug|x64.Build.0 = Debug|x64
		{22595A24-F28E-4D32-B53A-DF2FA7D4A626}.Debug|x86.ActiveCfg = Debug|Win32
		{22595A24-F28E-4D32-B53A-DF2FA7D4A626}.Debug|x86.Build.0 = Debug|Win32
		{22595A24-F28E-4D32-B53A-DF2FA7D4A626}.Release|x64.ActiveCfg = Release|x64
		{22595A24-F28E-4D32-B53A-DF2FA7D4A626}.Release|x64.Build.0 = Release|x64
		{22595A24-F28E-4D32-B53A-DF2FA7D4A626}.Release|x86.ActiveCfg = Release|Win32
		{22595A24-F28E-4D32-B53A-DF2FA7D4A626}.Release|x86.Build.0 = Release|Win32
		{764F1E1E-7B19-418B-87AD-8E4A8EDA7726}.Debug|x64.ActiveCfg = Debug|x64
		{764F1E1E-7B19-418B-87AD-8E4A8EDA7726}.Debug|x64.Build.0 = Debug|x64
		{764F1E1E-7B19-418B-87AD-8E4A8EDA7726}.Debug|x86.ActiveCfg = Debug|Win32
		{764F1E1E-7B19-418B-87AD-8E4A8EDA7726}.Debug|x86.Build.0 = Debug|Win32
		{764F1E1E-7B19-418B-87AD-8E4A8EDA7726}.Release|x64.ActiveCfg = Release|x64
		{764F1E1E-7B19-418B-87AD-8E4A8EDA7726}.Release|x64.Build.0 = Release|x64
		{764F1E1E-7B19-418B-87AD-8E4A8EDA7726}.Release|x86.ActiveCfg = Release|Win32
		{764F1E1E-7B19-418B-87AD-8E4A8EDA7726}.Release|x86.Build.0 = Release|Win32
	EndGlobalSection
	GlobalSection(SolutionProperties) = preSolution
		HideSolutionNode = FALSE
	EndGlobalSection
	GlobalSection(ExtensibilityGlobals) = postSolution
		SolutionGuid = {BC0251D1-62FF-42F4-A2AD-45B9E4DC34D8}
	EndGlobalSection
EndGlobal
